[[package]]
name = "core"
source = "path+from-root-566CA1D5F8BEAFBF"

[[package]]
name = "core"
source = "path+from-root-C589FDE6DAFD6AA0"

[[package]]
name = "russian-roulette"
source = "member"
dependencies = [
    "std git+https://github.com/FuelLabs/sway?tag=v0.49.3#0dc6570377ee9c4a6359ade597fa27351e02a728",
    "vrf_abi",
]

[[package]]
name = "std"
source = "git+https://github.com/FuelLabs/sway?tag=v0.49.3#0dc6570377ee9c4a6359ade597fa27351e02a728"
dependencies = ["core path+from-root-C589FDE6DAFD6AA0"]

[[package]]
name = "std"
source = "git+https://github.com/fuellabs/sway?tag=v0.49.3#0dc6570377ee9c4a6359ade597fa27351e02a728"
dependencies = ["core path+from-root-566CA1D5F8BEAFBF"]

[[package]]
name = "vrf_abi"
source = "member"
dependencies = ["std git+https://github.com/fuellabs/sway?tag=v0.49.3#0dc6570377ee9c4a6359ade597fa27351e02a728"]
